# Generated by scripts/python_locks.py with uv 0.12.11 (Homebrew 2026-09-08 aarch64-apple-darwin).
# Input: requirements-build.txt (83bbc382d9b7eb67400eb55f0a6815185532edcdeb709878ccfc68955043effa)
--only-binary :all:

maturin==1.15.0 \
    --hash=sha256:0ebf9767892725083138e671c34482c660317a2f3d6a29fc0e0f34e9d8c99136 \
    --hash=sha256:126e12e618b4db42f68c779a56d41f82a390145ba36ac3f621d057eb34f5ad9d \
    --hash=sha256:4f9d33e6c3f9615c8caceecbbbd440f8eb25a3ddeb687077682cd5eca2e9ae15 \
    --hash=sha256:552c2be4afd43fe8d5c9f3ec8d4c4756d973b8dcbe94c14084390301f50243e1 \
    --hash=sha256:653020a63525bb224e5ab0adf02e17a2e08bc86dbea7fc1399c9a56d7529b99e \
    --hash=sha256:6bf6dc62e22d4dcfd5a51244ff0d58975fa4979c48209fe84159617648956d82 \
    --hash=sha256:7ab7eebffd7b8debca2265985de4eaeb332141276d24b9560b5ad484d4b3add1 \
    --hash=sha256:7eb066372f541f8eb4909c79c5d9bd0b9e8125980bdf1ec9e8aba23c6c8d6c55 \
    --hash=sha256:94b26cc8e8aba61a5f2099715fe640e18c5f678e9a500408b38761263954228a \
    --hash=sha256:bf29beddd0c6708f112db51d5275fc28b28b9e9c9c5faae387eaef662918b176 \
    --hash=sha256:c40b4eae7bf5ef1f4b1af8d623fe4105016f93578fb15b764e741d08ec3b92dd \
    --hash=sha256:c7dc0c66c78d3debdd9c5aa807e861fbcbf07f3505d34b125df74c03986b0f48 \
    --hash=sha256:cd35772633f489841132bc8e71d6fc7f842df30b9c05cd5cdf1ee1ddcb744cc7 \
    --hash=sha256:da649988be98e87e009e51b1bf0d301b6a301bc0cecbdd60d40d8ba60748d1ca
