# Generated by scripts/ci/compile_python_lock.
# Input: requirements.txt (5822e78e4d8655a81a08113ac0453e8e0264607e2e2ebd377a143361045b7bc4)
# Input: requirements-dev.txt (264000638cc79d905f5f4c89560a2115fb05f68e2826eaa1e18d1df9734ca7a5)
# Input: requirements-ci.in (9da2b4b39d646c3e50a6bc8ae6f8ae846f3267f81afc8cced6da91334b671ceb)
# ARC image: ghcr.io/endurantdevs/healthcare-mrf-api-arc-ci@sha256:12320cf489cc218f00d04e9df21d12f60bacd883e5120bd8dabb7ba0378c972c
# Python: 3.14.6 (Linux x86_64)
# Resolver: pip 26.1.2
# Each hash is the wheel selected on native Linux/amd64 by pip's install report.
--only-binary :all:

aiocsv==1.4.1 --hash=sha256:49f6ff09009cd98f88f511727654bfc3863ed6cf56c2ac982be9d0639c20cfac
aiofile==3.12.3 --hash=sha256:5c1bcc9e929c50834608e8cc1a4cc1d7503eb60c15a535b779fd39e2f372c017
aiofiles==25.1.0 --hash=sha256:abe311e527c862958650f9438e859c1fa7568a141b22abcd015e120e86a85695
aiohappyeyeballs==2.7.1 --hash=sha256:9243213661e29250eb41368e5daa826fc017156c3b8a11440826b2e3ed376472
aiohttp==3.14.3 --hash=sha256:18cb43369747b2ae007bd2655fb8e63a099c2ff1d207962943636dac989b3147
aiohttp-socks==0.12.0 --hash=sha256:ba6f95ec775c761d87f8578ab48f137d0457c676da104984202bf75e747d5ee6
aioshutil==1.6 --hash=sha256:e0711de25ade421b70094b2a27c69bef6356127013744fec05f019f36732c1bd
aiosignal==1.4.0 --hash=sha256:053243f8b92b990551949e63930a839ff0cf0b0ebbe0597b0f3fb19e1a0fe82e
alembic==1.19.1 --hash=sha256:b39018cb3d9413a19cbd54cf3c02ad33998641f0538eb77413a488a21c3e14be
anyio==4.14.2 --hash=sha256:9f505dda5ac9f0c8309b5e8bd445a8c2bf7246f3ce950121e45ea15bc41d1494
arq==0.28.0 --hash=sha256:b1696bf5614d60f4172a2c0cbdc177e23ba03a5eb9acc29bd8181f4ea71fff94
asyncpg==0.31.0 --hash=sha256:9322b563e2661a52e3cdbc93eed3be7748b289f792e0011cb2720d278b366ce2
attrs==26.1.0 --hash=sha256:c647aa4a12dfbad9333ca4e71fe62ddc36f4e63b2d260a37a8b83d2f043ac309
boolean-py==5.0 --hash=sha256:ef28a70bd43115208441b53a045d1549e2f0ec6e3d08a9d142cbc41c1938e8d9
brotli==1.2.0 --hash=sha256:cf9cba6f5b78a2071ec6fb1e7bd39acf35071d90a81231d67e92d637776a6a63
cachecontrol==0.14.4 --hash=sha256:b7ac014ff72ee199b5f8af1de29d60239954f223e948196fa3d84adaffc71d2b
caio==0.12.2 --hash=sha256:121f4de82e2a875aff468ef2af7491fbecfffe9e71b507f5073fe2a156bb78df
certifi==2026.7.22 --hash=sha256:62f22742b58a1a33014a2b6b706588a8d7e2a88ae7bd1a6ebe8c992928483775
cffi==2.1.1 --hash=sha256:b0431303acaea1089ad4b3e9ce4e6518193def1118d4073ca848635ee4ea2e96
charset-normalizer==3.5.0 --hash=sha256:82cc5835997ec78afe293a192e385099355770a7db94b2fb1239d36b32796f1c
click==8.4.2 --hash=sha256:e6f9f66136c816745b9d65817da91d61d957fb16e02e4dcd0552553c5a197b76
coverage==7.15.4 --hash=sha256:ff97a14362eef486483ed44042ca2027ea257df6ff768e62358ee0c9776925ac
cryptography==50.0.0 --hash=sha256:82148ec5bddac30b51a5b3c1945075f896fa022cb93f8e4a01e9f6ee95292c5f
cyclonedx-python-lib==11.12.0 --hash=sha256:0e807521a921a5c3cb8ce1153f8a61d29eedfe76a46aac2796b7c6b573391a54
defusedxml==0.7.1 --hash=sha256:a352e7e428770286cc899e2542b6cdaedb2b4953ff269a210103ec58f6198a61
execnet==2.1.2 --hash=sha256:67fba928dd5a544b783f6056f449e5e3931a5c378b128bc18501f7ea79e296ec
fastcrc==0.3.6 --hash=sha256:a71bc52c24cd61178c8c622f7863cef66e0b7bb4338a1ce826cee0e73b989e4a
filelock==3.32.2 --hash=sha256:87dd94cf281e586d135fa51132b8e3d9a598b316e90377a288663c9321036c82
frozenlist==1.8.0 --hash=sha256:cba69cb73723c3f329622e34bdbf5ce1f80c21c290ff04256cff1cd3c2036ed2
geopandas==1.1.4 --hash=sha256:1a0c459cbdb1537cd154dafe6174be20d1760844b7f1c967dc8520b180f2e773
greenlet==3.5.5 --hash=sha256:182de51c6b572a705f2fafaab2e783bcf7d2760940229dfe73086cbae037af3e
h11==0.16.0 --hash=sha256:63cf8bbe7522de3bf65932fda1d9c2772064ffb3dae62d55932da54b31cb6c86
hiredis==3.4.1 --hash=sha256:b980b63a189ed8e2a42274f260430dae2f33a4a61e2f18ce31248909e36bd14a
html5tagger==2.0.0 --hash=sha256:c7a46fa74c81fdbd33b7e4a9630f4d592ec818181fc58702585e9bad0b76f891
httpcore==1.0.9 --hash=sha256:2d400746a40668fc9dec9810239072b40b4484b640a8c38fd654a024c7a1bf55
httptools==0.8.0 --hash=sha256:c4a9f1707e4823d54dfec6c33fa3697d302aed536ed352a7ebb5a061ddb869d0
httpx==0.28.1 --hash=sha256:d909fcccc110f8c7faf814ca82a9a4d816bc5a6dbfea25d6591d6985b8ba59ad
humanize==4.16.0 --hash=sha256:353eb2f34c09d098b2880eee8bef21832eae6d174f48c5762fff7e5fcb74d01d
idna==3.18 --hash=sha256:7f952cbe720b688055e3f87de14f5c3e5fdaa8bc3928985c4077ca689de849a2
ijson==3.5.1 --hash=sha256:42bfda7858d99ee9777ec28cb6d347928249eefeb577f9b0a67503c18f7ebb6a
inflate64==1.0.4 --hash=sha256:6f0993214dea0738c557fa56c13cd9083aef0097a201d726c21984ad7f577514
iniconfig==2.3.0 --hash=sha256:f631c04d2c48c52b84d0d0549c99ff3859c98df65b3101406327ecc7d53fbf12
jellyfish==1.2.1 --hash=sha256:a058f4c6a591d5e5a47569f5648a26303ba19c76a960fef7e0beba2aa959e52e
jinja2==3.1.6 --hash=sha256:85ece4451f492d0c13c5dd7c13a64681a86afae63a5f347908daf103ce6d2f67
license-expression==30.4.4 --hash=sha256:421788fdcadb41f049d2dc934ce666626265aeccefddd25e162a26f23bcbf8a4
mako==1.4.1 --hash=sha256:a359d9a94a541213958742b2698d0a7757bb83551767bc468a74b9905aba9617
markdown-it-py==4.2.0 --hash=sha256:9f7ebbcd14fe59494226453aed97c1070d83f8d24b6fc3a3bcf9a38092641c4a
markupsafe==3.0.3 --hash=sha256:457a69a9577064c05a97c41f4e65148652db078a3a509039e64d3467b9e7ef97
maturin==1.14.1 --hash=sha256:dfc54ae32e6fcb18302193ab9a30b0b25eefffba994ae13238974805533ef75e
mdurl==0.1.2 --hash=sha256:84008a41e51615a49fc9966191ff91509e3c40b939176e643fd50a5c2196b8f8
msgpack==1.2.1 --hash=sha256:0e2bf9280bceb5efca998435904b5d3e9fdbcc11d90dc9df30aec7973252b720
multidict==6.7.1 --hash=sha256:7eee46ccb30ff48a1e35bb818cc90846c6be2b68240e42a78599166722cea709
numpy==2.5.2 --hash=sha256:318b9a4c845dbea06708a29c84ee429cc3065048db34cdb799047643492050ee
orjson==3.11.9 --hash=sha256:aaea64f3f467d22e70eeed68bdccb3bc4f83f650446c4a03c59f2cba28a108db
packageurl-python==0.17.6 --hash=sha256:31a85c2717bc41dd818f3c62908685ff9eebcb68588213745b14a6ee9e7df7c9
packaging==26.3 --hash=sha256:d7193f7c8e4e93f444fde0262bf90af30e16fa0ad0ad44cb553c87339b23cd1c
pandas==3.0.5 --hash=sha256:9e94c2c5ca43bd3ca32bf64d32308887b65e5f9bfd8023ea52755107a999f93b
pip==26.1.2 --hash=sha256:382ff9f685ee3bc25864f820aa50505825f10f5458ffff07e30a6d96e5715cab
pip-api==0.0.34 --hash=sha256:8b2d7d7c37f2447373aa2cf8b1f60a2f2b27a84e1e9e0294a3f6ef10eb3ba6bb
pip-audit==2.10.1 --hash=sha256:99ef3f600a317c1945f1e89e227ef26e1c2d618429b8bd3fa6f4f7c440c4611a
pip-requirements-parser==32.0.1 --hash=sha256:4659bc2a667783e7a15d190f6fccf8b2486685b6dba4c19c3876314769c57526
platformdirs==4.11.2 --hash=sha256:7f89089b6ea71bda7962953edcf784b2e2d9d285b40ad88be2bb75c6e9d82ab4
pluggy==1.6.0 --hash=sha256:e920276dd6813095e9377c0bc5566d94c932c33b27a3e3945d8389c374dd4746
propcache==0.5.2 --hash=sha256:e00820e192c8dbebcafb383ebbf99030895f09905e7a0eb2e0340a0bcc2bc825
py-serializable==2.1.0 --hash=sha256:b56d5d686b5a03ba4f4db5e769dc32336e142fc3bd4d68a8c25579ebb0a67304
pyaml==26.7.0 --hash=sha256:cfa382780c43ae660669b87d394d550a41856ef175f5749f51f753e12d7077ac
pycparser==3.0 --hash=sha256:b727414169a36b7d524c1c3e31839a521725078d7b2ff038656844266160a992
pygments==2.20.0 --hash=sha256:81a9e26dd42fd28a23a2d169d86d7ac03b46e2f8b59ed4698fb4785f946d0176
pyjwt==2.13.0 --hash=sha256:66adcc2aff09b3f1bbd95fc1e1577df8ac8723c978552fd43304c8a290ac5728
pylightxl==1.54 --hash=sha256:fc63aad5812392965704912a215fe61fa710cbd3797503b440e2c60e4f71fc47
pyogrio==0.13.0 --hash=sha256:220a988ce2a26591d6db5c775b07289d4f54cabdf274cc048f0e17a0b9d5be14
pyparsing==3.3.2 --hash=sha256:850ba148bd908d7e2411587e247a1e4f0327839c40e2e5e6d05a007ecc69911d
pyproj==3.7.2 --hash=sha256:85def3a6388e9ba51f964619aa002a9d2098e77c6454ff47773bb68871024281
pytest==9.1.1 --hash=sha256:37a86b45efb9a47a61a36449063e8e18d0cab3161329fc099eb21783169c4f0c
pytest-asyncio==1.4.0 --hash=sha256:933ca923a23075a87fb7070c0ec272a6848489824d887c85c812670932835aa1
pytest-cov==7.1.0 --hash=sha256:a0461110b7865f9a271aa1b51e516c9a95de9d696734a2f71e3e78f46e1d4678
pytest-mock==3.15.1 --hash=sha256:0a25e2eb88fe5168d535041d09a4529a188176ae608a6d249ee65abc0949630d
pytest-xdist==3.8.0 --hash=sha256:202ca578cfeb7370784a8c33d6d05bc6e13b4f25b5053c30a152269fd10f0b88
python-dateutil==2.9.0.post0 --hash=sha256:a8b2bc7bffae282281c8140a97d3aa9c14da0b136dfe83f850eea9a5f7470427
python-dotenv==1.2.2 --hash=sha256:1d8214789a24de455a8b8bd8ae6fe3c6b69a5e3d64aa8a8e5d68e694bbcb285a
python-socks==2.8.2 --hash=sha256:7cf785d0631e0659384a773b3c402bc22cccdc23894ba1d65f8524748ace1193
pytz==2026.3.post1 --hash=sha256:dd95840dd199baea12d9cc096a1d452caa6596a1c1e4b5f3dbd1541855d5e815
pyyaml==6.0.3 --hash=sha256:c458b6d084f9b935061bc36216e8a69a7e293a2f1e68bf956dcd9e6cbcd143f5
rapidgzip==0.16.0 --hash=sha256:492bc6496b1a8da30943ca34c2fe12ae12802cf76125af05fc29270142d394c6
redis==5.3.1 --hash=sha256:dc1909bd24669cc31b5f67a039700b16ec30571096c5f1f0d9d2324bff31af97
requests==2.34.2 --hash=sha256:2a0d60c172f83ac6ab31e4554906c0f3b3588d37b5cb939b1c061f4907e278e0
rich==15.0.0 --hash=sha256:33bd4ef74232fb73fe9279a257718407f169c09b78a87ad3d296f548e27de0bb
ruamel-ext-msgpack==0.2.2 --hash=sha256:7a0ec51f0a7e7fa0f078bf1d1e1d3f643b055a2446fb230444979253e31f394c
sanic==25.12.1 --hash=sha256:3874f1fe0442e3b12ce4a3f6524f676d5d3c43839c6a4967d1b82fd8db53c0f3
sanic-ext==25.12.0 --hash=sha256:4bf9afcb28c7abbc4bcac489cf4b6d53f12fa49ea4777200ea7d7d6d23ffe8ca
sanic-routing==23.12.0 --hash=sha256:1558a72afcb9046ed3134a5edae02fc1552cff08f0fff2e8d5de0877ea43ed73
sanic-testing==24.6.0 --hash=sha256:b1027184735e88230891aa0461fff84093abfa3bff0f4d29c0f78f42e59efada
setuptools==84.0.0 --hash=sha256:51a52592b3b99e102b609654876bd65f19f999935166d1352678931132b0c670
shapely==2.1.2 --hash=sha256:21952dc00df38a2c28375659b07a3979d22641aeb104751e769c3ee825aadecf
six==1.17.0 --hash=sha256:4721f391ed90541fddacab5acf947aa0d3dc7d27b2e1e8eda2be8970586c3274
socksio==1.0.0 --hash=sha256:95dc1f15f9b34e8d7b16f06d74b8ccf48f609af32ab33c608d08761c5dcbb1f3
sortedcontainers==2.4.0 --hash=sha256:a163dcaede0f1c021485e957a39245190e74249897e2ae4b2aa38595db237ee0
sqlalchemy==2.0.52 --hash=sha256:812bae5138bfc0aa46fb0686da0fc7f581f68e2bbb05bc24c3713bebaedd1437
tomli==2.4.1 --hash=sha256:01f520d4f53ef97964a240a035ec2a869fe1a37dde002b57ebc4417a27ccd853
tomli-w==1.2.0 --hash=sha256:188306098d013b691fcadc011abd66727d3c414c571bb01b1a174ba8c983cf90
tracerite==2.6.3 --hash=sha256:2b7dd797fad42fec4d590f2bc41b7331172fa0e4d959d6f04606eb0f76ae62e5
typing-extensions==4.16.0 --hash=sha256:481caa481374e813c1b176ada14e97f1f67a4539ce9cfeb3f350d78d6370c2e8
tzdata==2026.3 --hash=sha256:dc096730c87af6cab1b171c9d532be840741ff5d459015e7f6947bd7d7e54931
ujson==5.13.0 --hash=sha256:7df805aad707507a1fa165fb716218ca3a89f142125dc4b23c9fcc08fa402d97
unicode-slugify==0.1.5 --hash=sha256:33a11c0ac901f7220659dd0dd6f232cf39637dfd1b9f5f35ef5ead9fef696879
unidecode==1.4.0 --hash=sha256:c3c7606c27503ad8d501270406e345ddb480a7b5f38827eafe4fa82a137f0021
urllib3==2.7.0 --hash=sha256:9fb4c81ebbb1ce9531cce37674bbc6f1360472bc18ca9a553ede278ef7276897
us==3.2.0 --hash=sha256:571714ad6d473c72bbd2058a53404cdf4ecc0129e4f19adfcbeb4e2d7e3dc3e7
uvloop==0.22.1 --hash=sha256:c1955d5a1dd43198244d47664a5858082a3239766a839b2102a269aaff7a4e25
watchfiles==1.2.0 --hash=sha256:054dc20fd2e3132b4c3883b4a00d72fd6e1f56fdaf89fccd12e8057d74cd74d7
websockets==17.0.1 --hash=sha256:72d7f2a5aeb4e82daa4ee18f125b4277f427033359be5c745ad709608446cc2c
yarl==1.24.5 --hash=sha256:66410eb6345d467151934b49bfa70fb32f5b35a6140baa40ad97d6436abea2e9
